{
  "requires": true,
  "lockfileVersion": 1,
  "dependencies": {
    "uws": {
      "version": "9.147.0",
      "resolved": "https://registry.npmjs.org/uws/-/uws-9.147.0.tgz",
      "integrity": "sha512-hjYez7g/Tt+5E72V1TcQcyImTkPO6naKBYjBN4Wd03OIGjAl26i4AQj+drwVDvCFP6FMIoD4/LBIDDCvpnZCpA=="
    }
  }
}
